// !$*UTF8*$!
{
	archiveVersion = 1;
	classes = {
	};
	objectVersion = 46;
	objects = {

/* Begin PBXBuildFile section */
		6D0C4ACF18B1BF1C00D6352F /* Foundation.framework in Frameworks */ = {isa = PBXBuildFile; fileRef = 6D0C4ACE18B1BF1C00D6352F /* Foundation.framework */; };
		6D0C4AD118B1BF1C00D6352F /* CoreGraphics.framework in Frameworks */ = {isa = PBXBuildFile; fileRef = 6D0C4AD018B1BF1C00D6352F /* CoreGraphics.framework */; };
		6D0C4AD318B1BF1C00D6352F /* UIKit.framework in Frameworks */ = {isa = PBXBuildFile; fileRef = 6D0C4AD218B1BF1C00D6352F /* UIKit.framework */; };
		6D0C4AD918B1BF1C00D6352F /* InfoPlist.strings in Resources */ = {isa = PBXBuildFile; fileRef = 6D0C4AD718B1BF1C00D6352F /* InfoPlist.strings */; };
		6D0C4ADB18B1BF1C00D6352F /* main.m in Sources */ = {isa = PBXBuildFile; fileRef = 6D0C4ADA18B1BF1C00D6352F /* main.m */; };
		6D0C4ADF18B1BF1D00D6352F /* ZPAppDelegate.m in Sources */ = {isa = PBXBuildFile; fileRef = 6D0C4ADE18B1BF1D00D6352F /* ZPAppDelegate.m */; };
		6D0C4AE218B1BF1D00D6352F /* Main.storyboard in Resources */ = {isa = PBXBuildFile; fileRef = 6D0C4AE018B1BF1D00D6352F /* Main.storyboard */; };
		6D0C4AE518B1BF1D00D6352F /* ZPViewController.m in Sources */ = {isa = PBXBuildFile; fileRef = 6D0C4AE418B1BF1D00D6352F /* ZPViewController.m */; };
		6D0C4AE718B1BF1D00D6352F /* Images.xcassets in Resources */ = {isa = PBXBuildFile; fileRef = 6D0C4AE618B1BF1D00D6352F /* Images.xcassets */; };
		6D0C4AEE18B1BF1D00D6352F /* XCTest.framework in Frameworks */ = {isa = PBXBuildFile; fileRef = 6D0C4AED18B1BF1D00D6352F /* XCTest.framework */; };
		6D0C4AEF18B1BF1D00D6352F /* Foundation.framework in Frameworks */ = {isa = PBXBuildFile; fileRef = 6D0C4ACE18B1BF1C00D6352F /* Foundation.framework */; };
		6D0C4AF018B1BF1D00D6352F /* UIKit.framework in Frameworks */ = {isa = PBXBuildFile; fileRef = 6D0C4AD218B1BF1C00D6352F /* UIKit.framework */; };
		6D0C4AF818B1BF1D00D6352F /* InfoPlist.strings in Resources */ = {isa = PBXBuildFile; fileRef = 6D0C4AF618B1BF1D00D6352F /* InfoPlist.strings */; };
		6D0C4AFA18B1BF1D00D6352F /* micrblogTests.m in Sources */ = {isa = PBXBuildFile; fileRef = 6D0C4AF918B1BF1D00D6352F /* micrblogTests.m */; };
/* End PBXBuildFile section */

/* Begin PBXContainerItemProxy section */
		6D0C4AF118B1BF1D00D6352F /* PBXContainerItemProxy */ = {
			isa = PBXContainerItemProxy;
			containerPortal = 6D0C4AC318B1BF1C00D6352F /* Project object */;
			proxyType = 1;
			remoteGlobalIDString = 6D0C4ACA18B1BF1C00D6352F;
			remoteInfo = micrblog;
		};
/* End PBXContainerItemProxy section */

/* Begin PBXFileReference section */
		6D0C4ACB18B1BF1C00D6352F /* micrblog.app */ = {isa = PBXFileReference; explicitFileType = wrapper.application; includeInIndex = 0; path = micrblog.app; sourceTree = BUILT_PRODUCTS_DIR; };
		6D0C4ACE18B1BF1C00D6352F /* Foundation.framework */ = {isa = PBXFileReference; lastKnownFileType = wrapper.framework; name = Foundation.framework; path = System/Library/Frameworks/Foundation.framework; sourceTree = SDKROOT; };
		6D0C4AD018B1BF1C00D6352F /* CoreGraphics.framework */ = {isa = PBXFileReference; lastKnownFileType = wrapper.framework; name = CoreGraphics.framework; path = System/Library/Frameworks/CoreGraphics.framework; sourceTree = SDKROOT; };
		6D0C4AD218B1BF1C00D6352F /* UIKit.framework */ = {isa = PBXFileReference; lastKnownFileType = wrapper.framework; name = UIKit.framework; path = System/Library/Frameworks/UIKit.framework; sourceTree = SDKROOT; };
		6D0C4AD618B1BF1C00D6352F /* micrblog-Info.plist */ = {isa = PBXFileReference; lastKnownFileType = text.plist.xml; path = "micrblog-Info.plist"; sourceTree = "<group>"; };
		6D0C4AD818B1BF1C00D6352F /* en */ = {isa = PBXFileReference; lastKnownFileType = text.plist.strings; name = en; path = en.lproj/InfoPlist.strings; sourceTree = "<group>"; };
		6D0C4ADA18B1BF1C00D6352F /* main.m */ = {isa = PBXFileReference; lastKnownFileType = sourcecode.c.objc; path = main.m; sourceTree = "<group>"; };
		6D0C4ADC18B1BF1C00D6352F /* micrblog-Prefix.pch */ = {isa = PBXFileReference; lastKnownFileType = sourcecode.c.h; path = "micrblog-Prefix.pch"; sourceTree = "<group>"; };
		6D0C4ADD18B1BF1D00D6352F /* ZPAppDelegate.h */ = {isa = PBXFileReference; lastKnownFileType = sourcecode.c.h; path = ZPAppDelegate.h; sourceTree = "<group>"; };
		6D0C4ADE18B1BF1D00D6352F /* ZPAppDelegate.m */ = {isa = PBXFileReference; lastKnownFileType = sourcecode.c.objc; path = ZPAppDelegate.m; sourceTree = "<group>"; };
		6D0C4AE118B1BF1D00D6352F /* Base */ = {isa = PBXFileReference; lastKnownFileType = file.storyboard; name = Base; path = Base.lproj/Main.storyboard; sourceTree = "<group>"; };
		6D0C4AE318B1BF1D00D6352F /* ZPViewController.h */ = {isa = PBXFileReference; lastKnownFileType = sourcecode.c.h; path = ZPViewController.h; sourceTree = "<group>"; };
		6D0C4AE418B1BF1D00D6352F /* ZPViewController.m */ = {isa = PBXFileReference; lastKnownFileType = sourcecode.c.objc; path = ZPViewController.m; sourceTree = "<group>"; };
		6D0C4AE618B1BF1D00D6352F /* Images.xcassets */ = {isa = PBXFileReference; lastKnownFileType = folder.assetcatalog; path = Images.xcassets; sourceTree = "<group>"; };
		6D0C4AEC18B1BF1D00D6352F /* micrblogTests.xctest */ = {isa = PBXFileReference; explicitFileType = wrapper.cfbundle; includeInIndex = 0; path = micrblogTests.xctest; sourceTree = BUILT_PRODUCTS_DIR; };
		6D0C4AED18B1BF1D00D6352F /* XCTest.framework */ = {isa = PBXFileReference; lastKnownFileType = wrapper.framework; name = XCTest.framework; path = Library/Frameworks/XCTest.framework; sourceTree = DEVELOPER_DIR; };
		6D0C4AF518B1BF1D00D6352F /* micrblogTests-Info.plist */ = {isa = PBXFileReference; lastKnownFileType = text.plist.xml; path = "micrblogTests-Info.plist"; sourceTree = "<group>"; };
		6D0C4AF718B1BF1D00D6352F /* en */ = {isa = PBXFileReference; lastKnownFileType = text.plist.strings; name = en; path = en.lproj/InfoPlist.strings; sourceTree = "<group>"; };
		6D0C4AF918B1BF1D00D6352F /* micrblogTests.m */ = {isa = PBXFileReference; lastKnownFileType = sourcecode.c.objc; path = micrblogTests.m; sourceTree = "<group>"; };
/* End PBXFileReference section */

/* Begin PBXFrameworksBuildPhase section */
		6D0C4AC818B1BF1C00D6352F /* Frameworks */ = {
			isa = PBXFrameworksBuildPhase;
			buildActionMask = 2147483647;
			files = (
				6D0C4AD118B1BF1C00D6352F /* CoreGraphics.framework in Frameworks */,
				6D0C4AD318B1BF1C00D6352F /* UIKit.framework in Frameworks */,
				6D0C4ACF18B1BF1C00D6352F /* Foundation.framework in Frameworks */,
			);
			runOnlyForDeploymentPostprocessing = 0;
		};
		6D0C4AE918B1BF1D00D6352F /* Frameworks */ = {
			isa = PBXFrameworksBuildPhase;
			buildActionMask = 2147483647;
			files = (
				6D0C4AEE18B1BF1D00D6352F /* XCTest.framework in Frameworks */,
				6D0C4AF018B1BF1D00D6352F /* UIKit.framework in Frameworks */,
				6D0C4AEF18B1BF1D00D6352F /* Foundation.framework in Frameworks */,
			);
			runOnlyForDeploymentPostprocessing = 0;
		};
/* End PBXFrameworksBuildPhase section */

/* Begin PBXGroup section */
		6D0C4AC218B1BF1C00D6352F = {
			isa = PBXGroup;
			children = (
				6D0C4AD418B1BF1C00D6352F /* micrblog */,
				6D0C4AF318B1BF1D00D6352F /* micrblogTests */,
				6D0C4ACD18B1BF1C00D6352F /* Frameworks */,
				6D0C4ACC18B1BF1C00D6352F /* Products */,
			);
			sourceTree = "<group>";
		};
		6D0C4ACC18B1BF1C00D6352F /* Products */ = {
			isa = PBXGroup;
			children = (
				6D0C4ACB18B1BF1C00D6352F /* micrblog.app */,
				6D0C4AEC18B1BF1D00D6352F /* micrblogTests.xctest */,
			);
			name = Products;
			sourceTree = "<group>";
		};
		6D0C4ACD18B1BF1C00D6352F /* Frameworks */ = {
			isa = PBXGroup;
			children = (
				6D0C4ACE18B1BF1C00D6352F /* Foundation.framework */,
				6D0C4AD018B1BF1C00D6352F /* CoreGraphics.framework */,
				6D0C4AD218B1BF1C00D6352F /* UIKit.framework */,
				6D0C4AED18B1BF1D00D6352F /* XCTest.framework */,
			);
			name = Frameworks;
			sourceTree = "<group>";
		};
		6D0C4AD418B1BF1C00D6352F /* micrblog */ = {
			isa = PBXGroup;
			children = (
				6D0C4ADD18B1BF1D00D6352F /* ZPAppDelegate.h */,
				6D0C4ADE18B1BF1D00D6352F /* ZPAppDelegate.m */,
				6D0C4AE018B1BF1D00D6352F /* Main.storyboard */,
				6D0C4AE318B1BF1D00D6352F /* ZPViewController.h */,
				6D0C4AE418B1BF1D00D6352F /* ZPViewController.m */,
				6D0C4AE618B1BF1D00D6352F /* Images.xcassets */,
				6D0C4AD518B1BF1C00D6352F /* Supporting Files */,
			);
			path = micrblog;
			sourceTree = "<group>";
		};
		6D0C4AD518B1BF1C00D6352F /* Supporting Files */ = {
			isa = PBXGroup;
			children = (
				6D0C4AD618B1BF1C00D6352F /* micrblog-Info.plist */,
				6D0C4AD718B1BF1C00D6352F /* InfoPlist.strings */,
				6D0C4ADA18B1BF1C00D6352F /* main.m */,
				6D0C4ADC18B1BF1C00D6352F /* micrblog-Prefix.pch */,
			);
			name = "Supporting Files";
			sourceTree = "<group>";
		};
		6D0C4AF318B1BF1D00D6352F /* micrblogTests */ = {
			isa = PBXGroup;
			children = (
				6D0C4AF918B1BF1D00D6352F /* micrblogTests.m */,
				6D0C4AF418B1BF1D00D6352F /* Supporting Files */,
			);
			path = micrblogTests;
			sourceTree = "<group>";
		};
		6D0C4AF418B1BF1D00D6352F /* Supporting Files */ = {
			isa = PBXGroup;
			children = (
				6D0C4AF518B1BF1D00D6352F /* micrblogTests-Info.plist */,
				6D0C4AF618B1BF1D00D6352F /* InfoPlist.strings */,
			);
			name = "Supporting Files";
			sourceTree = "<group>";
		};
/* End PBXGroup section */

/* Begin PBXNativeTarget section */
		6D0C4ACA18B1BF1C00D6352F /* micrblog */ = {
			isa = PBXNativeTarget;
			buildConfigurationList = 6D0C4AFD18B1BF1D00D6352F /* Build configuration list for PBXNativeTarget "micrblog" */;
			buildPhases = (
				6D0C4AC718B1BF1C00D6352F /* Sources */,
				6D0C4AC818B1BF1C00D6352F /* Frameworks */,
				6D0C4AC918B1BF1C00D6352F /* Resources */,
			);
			buildRules = (
			);
			dependencies = (
			);
			name = micrblog;
			productName = micrblog;
			productReference = 6D0C4ACB18B1BF1C00D6352F /* micrblog.app */;
			productType = "com.apple.product-type.application";
		};
		6D0C4AEB18B1BF1D00D6352F /* micrblogTests */ = {
			isa = PBXNativeTarget;
			buildConfigurationList = 6D0C4B0018B1BF1D00D6352F /* Build configuration list for PBXNativeTarget "micrblogTests" */;
			buildPhases = (
				6D0C4AE818B1BF1D00D6352F /* Sources */,
				6D0C4AE918B1BF1D00D6352F /* Frameworks */,
				6D0C4AEA18B1BF1D00D6352F /* Resources */,
			);
			buildRules = (
			);
			dependencies = (
				6D0C4AF218B1BF1D00D6352F /* PBXTargetDependency */,
			);
			name = micrblogTests;
			productName = micrblogTests;
			productReference = 6D0C4AEC18B1BF1D00D6352F /* micrblogTests.xctest */;
			productType = "com.apple.product-type.bundle.unit-test";
		};
/* End PBXNativeTarget section */

/* Begin PBXProject section */
		6D0C4AC318B1BF1C00D6352F /* Project object */ = {
			isa = PBXProject;
			attributes = {
				CLASSPREFIX = ZP;
				LastUpgradeCheck = 0500;
				ORGANIZATIONNAME = zhangping;
				TargetAttributes = {
					6D0C4AEB18B1BF1D00D6352F = {
						TestTargetID = 6D0C4ACA18B1BF1C00D6352F;
					};
				};
			};
			buildConfigurationList = 6D0C4AC618B1BF1C00D6352F /* Build configuration list for PBXProject "micrblog" */;
			compatibilityVersion = "Xcode 3.2";
			developmentRegion = English;
			hasScannedForEncodings = 0;
			knownRegions = (
				en,
				Base,
			);
			mainGroup = 6D0C4AC218B1BF1C00D6352F;
			productRefGroup = 6D0C4ACC18B1BF1C00D6352F /* Products */;
			projectDirPath = "";
			projectRoot = "";
			targets = (
				6D0C4ACA18B1BF1C00D6352F /* micrblog */,
				6D0C4AEB18B1BF1D00D6352F /* micrblogTests */,
			);
		};
/* End PBXProject section */

/* Begin PBXResourcesBuildPhase section */
		6D0C4AC918B1BF1C00D6352F /* Resources */ = {
			isa = PBXResourcesBuildPhase;
			buildActionMask = 2147483647;
			files = (
				6D0C4AE718B1BF1D00D6352F /* Images.xcassets in Resources */,
				6D0C4AD918B1BF1C00D6352F /* InfoPlist.strings in Resources */,
				6D0C4AE218B1BF1D00D6352F /* Main.storyboard in Resources */,
			);
			runOnlyForDeploymentPostprocessing = 0;
		};
		6D0C4AEA18B1BF1D00D6352F /* Resources */ = {
			isa = PBXResourcesBuildPhase;
			buildActionMask = 2147483647;
			files = (
				6D0C4AF818B1BF1D00D6352F /* InfoPlist.strings in Resources */,
			);
			runOnlyForDeploymentPostprocessing = 0;
		};
/* End PBXResourcesBuildPhase section */

/* Begin PBXSourcesBuildPhase section */
		6D0C4AC718B1BF1C00D6352F /* Sources */ = {
			isa = PBXSourcesBuildPhase;
			buildActionMask = 2147483647;
			files = (
				6D0C4ADF18B1BF1D00D6352F /* ZPAppDelegate.m in Sources */,
				6D0C4ADB18B1BF1C00D6352F /* main.m in Sources */,
				6D0C4AE518B1BF1D00D6352F /* ZPViewController.m in Sources */,
			);
			runOnlyForDeploymentPostprocessing = 0;
		};
		6D0C4AE818B1BF1D00D6352F /* Sources */ = {
			isa = PBXSourcesBuildPhase;
			buildActionMask = 2147483647;
			files = (
				6D0C4AFA18B1BF1D00D6352F /* micrblogTests.m in Sources */,
			);
			runOnlyForDeploymentPostprocessing = 0;
		};
/* End PBXSourcesBuildPhase section */

/* Begin PBXTargetDependency section */
		6D0C4AF218B1BF1D00D6352F /* PBXTargetDependency */ = {
			isa = PBXTargetDependency;
			target = 6D0C4ACA18B1BF1C00D6352F /* micrblog */;
			targetProxy = 6D0C4AF118B1BF1D00D6352F /* PBXContainerItemProxy */;
		};
/* End PBXTargetDependency section */

/* Begin PBXVariantGroup section */
		6D0C4AD718B1BF1C00D6352F /* InfoPlist.strings */ = {
			isa = PBXVariantGroup;
			children = (
				6D0C4AD818B1BF1C00D6352F /* en */,
			);
			name = InfoPlist.strings;
			sourceTree = "<group>";
		};
		6D0C4AE018B1BF1D00D6352F /* Main.storyboard */ = {
			isa = PBXVariantGroup;
			children = (
				6D0C4AE118B1BF1D00D6352F /* Base */,
			);
			name = Main.storyboard;
			sourceTree = "<group>";
		};
		6D0C4AF618B1BF1D00D6352F /* InfoPlist.strings */ = {
			isa = PBXVariantGroup;
			children = (
				6D0C4AF718B1BF1D00D6352F /* en */,
			);
			name = InfoPlist.strings;
			sourceTree = "<group>";
		};
/* End PBXVariantGroup section */

/* Begin XCBuildConfiguration section */
		6D0C4AFB18B1BF1D00D6352F /* Debug */ = {
			isa = XCBuildConfiguration;
			buildSettings = {
				ALWAYS_SEARCH_USER_PATHS = NO;
				ARCHS = "$(ARCHS_STANDARD_INCLUDING_64_BIT)";
				CLANG_CXX_LANGUAGE_STANDARD = "gnu++0x";
				CLANG_CXX_LIBRARY = "libc++";
				CLANG_ENABLE_MODULES = YES;
				CLANG_ENABLE_OBJC_ARC = YES;
				CLANG_WARN_BOOL_CONVERSION = YES;
				CLANG_WARN_CONSTANT_CONVERSION = YES;
				CLANG_WARN_DIRECT_OBJC_ISA_USAGE = YES_ERROR;
				CLANG_WARN_EMPTY_BODY = YES;
				CLANG_WARN_ENUM_CONVERSION = YES;
				CLANG_WARN_INT_CONVERSION = YES;
				CLANG_WARN_OBJC_ROOT_CLASS = YES_ERROR;
				CLANG_WARN__DUPLICATE_METHOD_MATCH = YES;
				"CODE_SIGN_IDENTITY[sdk=iphoneos*]" = "iPhone Developer";
				COPY_PHASE_STRIP = NO;
				GCC_C_LANGUAGE_STANDARD = gnu99;
				GCC_DYNAMIC_NO_PIC = NO;
				GCC_OPTIMIZATION_LEVEL = 0;
				GCC_PREPROCESSOR_DEFINITIONS = (
					"DEBUG=1",
					"$(inherited)",
				);
				GCC_SYMBOLS_PRIVATE_EXTERN = NO;
				GCC_WARN_64_TO_32_BIT_CONVERSION = YES;
				GCC_WARN_ABOUT_RETURN_TYPE = YES_ERROR;
				GCC_WARN_UNDECLARED_SELECTOR = YES;
				GCC_WARN_UNINITIALIZED_AUTOS = YES;
				GCC_WARN_UNUSED_FUNCTION = YES;
				GCC_WARN_UNUSED_VARIABLE = YES;
				IPHONEOS_DEPLOYMENT_TARGET = 7.0;
				ONLY_ACTIVE_ARCH = YES;
				SDKROOT = iphoneos;
			};
			name = Debug;
		};
		6D0C4AFC18B1BF1D00D6352F /* Release */ = {
			isa = XCBuildConfiguration;
			buildSettings = {
				ALWAYS_SEARCH_USER_PATHS = NO;
				ARCHS = "$(ARCHS_STANDARD_INCLUDING_64_BIT)";
				CLANG_CXX_LANGUAGE_STANDARD = "gnu++0x";
				CLANG_CXX_LIBRARY = "libc++";
				CLANG_ENABLE_MODULES = YES;
				CLANG_ENABLE_OBJC_ARC = YES;
				CLANG_WARN_BOOL_CONVERSION = YES;
				CLANG_WARN_CONSTANT_CONVERSION = YES;
				CLANG_WARN_DIRECT_OBJC_ISA_USAGE = YES_ERROR;
				CLANG_WARN_EMPTY_BODY = YES;
				CLANG_WARN_ENUM_CONVERSION = YES;
				CLANG_WARN_INT_CONVERSION = YES;
				CLANG_WARN_OBJC_ROOT_CLASS = YES_ERROR;
				CLANG_WARN__DUPLICATE_METHOD_MATCH = YES;
				"CODE_SIGN_IDENTITY[sdk=iphoneos*]" = "iPhone Developer";
				COPY_PHASE_STRIP = YES;
				ENABLE_NS_ASSERTIONS = NO;
				GCC_C_LANGUAGE_STANDARD = gnu99;
				GCC_WARN_64_TO_32_BIT_CONVERSION = YES;
				GCC_WARN_ABOUT_RETURN_TYPE = YES_ERROR;
				GCC_WARN_UNDECLARED_SELECTOR = YES;
				GCC_WARN_UNINITIALIZED_AUTOS = YES;
				GCC_WARN_UNUSED_FUNCTION = YES;
				GCC_WARN_UNUSED_VARIABLE = YES;
				IPHONEOS_DEPLOYMENT_TARGET = 7.0;
				SDKROOT = iphoneos;
				VALIDATE_PRODUCT = YES;
			};
			name = Release;
		};
		6D0C4AFE18B1BF1D00D6352F /* Debug */ = {
			isa = XCBuildConfiguration;
			buildSettings = {
				ASSETCATALOG_COMPILER_APPICON_NAME = AppIcon;
				ASSETCATALOG_COMPILER_LAUNCHIMAGE_NAME = LaunchImage;
				GCC_PRECOMPILE_PREFIX_HEADER = YES;
				GCC_PREFIX_HEADER = "micrblog/micrblog-Prefix.pch";
				INFOPLIST_FILE = "micrblog/micrblog-Info.plist";
				PRODUCT_NAME = "$(TARGET_NAME)";
				WRAPPER_EXTENSION = app;
			};
			name = Debug;
		};
		6D0C4AFF18B1BF1D00D6352F /* Release */ = {
			isa = XCBuildConfiguration;
			buildSettings = {
				ASSETCATALOG_COMPILER_APPICON_NAME = AppIcon;
				ASSETCATALOG_COMPILER_LAUNCHIMAGE_NAME = LaunchImage;
				GCC_PRECOMPILE_PREFIX_HEADER = YES;
				GCC_PREFIX_HEADER = "micrblog/micrblog-Prefix.pch";
				INFOPLIST_FILE = "micrblog/micrblog-Info.plist";
				PRODUCT_NAME = "$(TARGET_NAME)";
				WRAPPER_EXTENSION = app;
			};
			name = Release;
		};
		6D0C4B0118B1BF1D00D6352F /* Debug */ = {
			isa = XCBuildConfiguration;
			buildSettings = {
				ARCHS = "$(ARCHS_STANDARD_INCLUDING_64_BIT)";
				BUNDLE_LOADER = "$(BUILT_PRODUCTS_DIR)/micrblog.app/micrblog";
				FRAMEWORK_SEARCH_PATHS = (
					"$(SDKROOT)/Developer/Library/Frameworks",
					"$(inherited)",
					"$(DEVELOPER_FRAMEWORKS_DIR)",
				);
				GCC_PRECOMPILE_PREFIX_HEADER = YES;
				GCC_PREFIX_HEADER = "micrblog/micrblog-Prefix.pch";
				GCC_PREPROCESSOR_DEFINITIONS = (
					"DEBUG=1",
					"$(inherited)",
				);
				INFOPLIST_FILE = "micrblogTests/micrblogTests-Info.plist";
				PRODUCT_NAME = "$(TARGET_NAME)";
				TEST_HOST = "$(BUNDLE_LOADER)";
				WRAPPER_EXTENSION = xctest;
			};
			name = Debug;
		};
		6D0C4B0218B1BF1D00D6352F /* Release */ = {
			isa = XCBuildConfiguration;
			buildSettings = {
				ARCHS = "$(ARCHS_STANDARD_INCLUDING_64_BIT)";
				BUNDLE_LOADER = "$(BUILT_PRODUCTS_DIR)/micrblog.app/micrblog";
				FRAMEWORK_SEARCH_PATHS = (
					"$(SDKROOT)/Developer/Library/Frameworks",
					"$(inherited)",
					"$(DEVELOPER_FRAMEWORKS_DIR)",
				);
				GCC_PRECOMPILE_PREFIX_HEADER = YES;
				GCC_PREFIX_HEADER = "micrblog/micrblog-Prefix.pch";
				INFOPLIST_FILE = "micrblogTests/micrblogTests-Info.plist";
				PRODUCT_NAME = "$(TARGET_NAME)";
				TEST_HOST = "$(BUNDLE_LOADER)";
				WRAPPER_EXTENSION = xctest;
			};
			name = Release;
		};
/* End XCBuildConfiguration section */

/* Begin XCConfigurationList section */
		6D0C4AC618B1BF1C00D6352F /* Build configuration list for PBXProject "micrblog" */ = {
			isa = XCConfigurationList;
			buildConfigurations = (
				6D0C4AFB18B1BF1D00D6352F /* Debug */,
				6D0C4AFC18B1BF1D00D6352F /* Release */,
			);
			defaultConfigurationIsVisible = 0;
			defaultConfigurationName = Release;
		};
		6D0C4AFD18B1BF1D00D6352F /* Build configuration list for PBXNativeTarget "micrblog" */ = {
			isa = XCConfigurationList;
			buildConfigurations = (
				6D0C4AFE18B1BF1D00D6352F /* Debug */,
				6D0C4AFF18B1BF1D00D6352F /* Release */,
			);
			defaultConfigurationIsVisible = 0;
		};
		6D0C4B0018B1BF1D00D6352F /* Build configuration list for PBXNativeTarget "micrblogTests" */ = {
			isa = XCConfigurationList;
			buildConfigurations = (
				6D0C4B0118B1BF1D00D6352F /* Debug */,
				6D0C4B0218B1BF1D00D6352F /* Release */,
			);
			defaultConfigurationIsVisible = 0;
		};
/* End XCConfigurationList section */
	};
	rootObject = 6D0C4AC318B1BF1C00D6352F /* Project object */;
}
